
Microsoft Visual Studio Solution File, Format Version 12.00
Project("{2150E333-8FDC-42A3-9474-1A3956D46DE8}") = "src", "src", "{33926EF5-4B70-40B4-9CB9-14A806DE78FE}"
EndProject
Project("{2150E333-8FDC-42A3-9474-1A3956D46DE8}") = "tests", "tests", "{6A73433B-2B5E-41C5-953B-5F30AE8F3E17}"
EndProject
Project("{2150E333-8FDC-42A3-9474-1A3956D46DE8}") = "QuizBuilder", "QuizBuilder", "{9CAAD0A7-AAA5-4A88-8FCC-09170D491C1E}"
EndProject
Project("{2150E333-8FDC-42A3-9474-1A3956D46DE8}") = "QuizRunner", "QuizRunner", "{40C36FF0-FDDA-4E70-A3A4-1086F080D658}"
EndProject
Project("{2150E333-8FDC-42A3-9474-1A3956D46DE8}") = "QuizAdmin", "QuizAdmin", "{7469CE18-9CEB-42FC-B6A6-9A1190FACDD1}"
EndProject
Project("{2150E333-8FDC-42A3-9474-1A3956D46DE8}") = "QuizBuilder", "QuizBuilder", "{4D9ECC37-5E8E-4F98-92CD-C37877A45089}"
EndProject
Project("{FAE04EC0-301F-11D3-BF4B-00C04F79EFBC}") = "QuizBuilder.Application.UnitTests", "tests\QuizBuilder\Application\QuizBuilder.Application.UnitTests\QuizBuilder.Application.UnitTests.csproj", "{5FE41097-053E-4591-9C97-89B73E05B6D6}"
EndProject
Project("{2150E333-8FDC-42A3-9474-1A3956D46DE8}") = "QuizUser", "QuizUser", "{39AAC64D-ECAF-40F5-947F-038A66770BD8}"
EndProject
Project("{FAE04EC0-301F-11D3-BF4B-00C04F79EFBC}") = "QuizBuilder.ArchTests", "tests\QuizBuilder\QuizBuilder.ArchTests\QuizBuilder.ArchTests.csproj", "{E08DACA3-DB6F-4479-B2B2-C4EF34A8C43F}"
EndProject
Project("{2150E333-8FDC-42A3-9474-1A3956D46DE8}") = "Application", "Application", "{7E845201-8BC6-474E-BC4B-119E846EE003}"
EndProject
Project("{2150E333-8FDC-42A3-9474-1A3956D46DE8}") = "Domain", "Domain", "{426313DE-F97D-4EAE-A8DA-B7FE6A231010}"
EndProject
Project("{FAE04EC0-301F-11D3-BF4B-00C04F79EFBC}") = "QuizBuilder.Domain.UnitTests", "tests\QuizBuilder\Domain\QuizBuilder.Domain.UnitTests\QuizBuilder.Domain.UnitTests.csproj", "{A7806998-7D2F-4C92-9B24-CC17E861AD5D}"
EndProject
Project("{2150E333-8FDC-42A3-9474-1A3956D46DE8}") = "Presentation", "Presentation", "{141DD967-E2D7-4FE9-95B9-6169B2D7BEF7}"
EndProject
Project("{FAE04EC0-301F-11D3-BF4B-00C04F79EFBC}") = "QuizBuilder.Presentation.UnitTests", "tests\QuizBuilder\Presentation\QuizBuilder.Presentation.UnitTests\QuizBuilder.Presentation.UnitTests.csproj", "{3B8F7121-2829-4D78-83F0-B374FE2C9EC4}"
EndProject
Project("{2150E333-8FDC-42A3-9474-1A3956D46DE8}") = "Modules", "Modules", "{1DEAA2D1-5190-4577-8498-751665F89E56}"
EndProject
Project("{2150E333-8FDC-42A3-9474-1A3956D46DE8}") = "Common", "Common", "{8E56D3D7-8115-4BF3-A7A9-4C413AD3A670}"
EndProject
Project("{2150E333-8FDC-42A3-9474-1A3956D46DE8}") = "Api", "Api", "{4AB332F8-ACA0-4F03-BFFB-9CD3A795C13E}"
EndProject
Project("{FAE04EC0-301F-11D3-BF4B-00C04F79EFBC}") = "QuizMaker.Common.Domain", "src\Common\QuizMaker.Common.Domain\QuizMaker.Common.Domain.csproj", "{13BE3927-FD27-4736-A851-92EB419AD765}"
EndProject
Project("{FAE04EC0-301F-11D3-BF4B-00C04F79EFBC}") = "QuizMaker.Common.Application", "src\Common\QuizMaker.Common.Application\QuizMaker.Common.Application.csproj", "{A84D74FE-82F6-448B-8302-CC7F605AECE9}"
EndProject
Project("{FAE04EC0-301F-11D3-BF4B-00C04F79EFBC}") = "QuizBuilder.Application", "src\Modules\QuizBuilder\QuizBuilder.Application\QuizBuilder.Application.csproj", "{7287C509-49E5-450B-9E17-CCFAE8179487}"
EndProject
Project("{FAE04EC0-301F-11D3-BF4B-00C04F79EFBC}") = "QuizBuilder.Domain", "src\Modules\QuizBuilder\QuizBuilder.Domain\QuizBuilder.Domain.csproj", "{60A96292-DD93-4AC5-BC2A-C347F0B447DC}"
EndProject
Project("{FAE04EC0-301F-11D3-BF4B-00C04F79EFBC}") = "QuizBuilder.Infrastructure", "src\Modules\QuizBuilder\QuizBuilder.Infrastructure\QuizBuilder.Infrastructure.csproj", "{FAD67CAF-10E0-4041-B59E-C001F979D1BC}"
EndProject
Project("{FAE04EC0-301F-11D3-BF4B-00C04F79EFBC}") = "QuizBuilder.Presentation", "src\Modules\QuizBuilder\QuizBuilder.Presentation\QuizBuilder.Presentation.csproj", "{6E06508D-37C3-44DC-9C25-1370C01579AF}"
EndProject
Project("{FAE04EC0-301F-11D3-BF4B-00C04F79EFBC}") = "QuizUser", "src\Modules\QuizUser\QuizUser.csproj", "{6DCFEB6F-5E8D-4B28-973E-916BF8AE7E94}"
EndProject
Project("{FAE04EC0-301F-11D3-BF4B-00C04F79EFBC}") = "QuizMaker.Api", "src\Api\QuizMaker.Api\QuizMaker.Api.csproj", "{DE82B149-339C-4F7B-A2B0-FDC521B2918B}"
EndProject
Project("{2150E333-8FDC-42A3-9474-1A3956D46DE8}") = "Solution Items", "Solution Items", "{208BE99D-CD1E-406B-9BA9-C2DAC24874E1}"
EndProject
Project("{FAE04EC0-301F-11D3-BF4B-00C04F79EFBC}") = "QuizMaker.Common.Presentation", "src\Common\QuizMaker.Common.Presentation\QuizMaker.Common.Presentation.csproj", "{30AD54F7-2B0F-42AE-A4A3-DA47AF2DA070}"
EndProject
Project("{FAE04EC0-301F-11D3-BF4B-00C04F79EFBC}") = "QuizMaker.Common.Infrastructure", "src\Common\QuizMaker.Common.Infrastructure\QuizMaker.Common.Infrastructure.csproj", "{88DACF14-F94A-47C3-A98B-1E0F43D9EA69}"
EndProject
Project("{FAE04EC0-301F-11D3-BF4B-00C04F79EFBC}") = "docker-compose", "docker-compose\docker-compose.csproj", "{4807CAE5-BA57-4749-901C-7ABAE1A6A796}"
EndProject
Project("{FAE04EC0-301F-11D3-BF4B-00C04F79EFBC}") = "QuizBuilder.Application.IntegrationTests", "tests\QuizBuilder\Application\QuizBuilder.Application.IntegrationTests\QuizBuilder.Application.IntegrationTests.csproj", "{10B63327-AF8F-409C-B886-68A626B4631C}"
EndProject
Global
	GlobalSection(SolutionConfigurationPlatforms) = preSolution
		Debug|Any CPU = Debug|Any CPU
		Release|Any CPU = Release|Any CPU
	EndGlobalSection
	GlobalSection(ProjectConfigurationPlatforms) = postSolution
		{5FE41097-053E-4591-9C97-89B73E05B6D6}.Debug|Any CPU.ActiveCfg = Debug|Any CPU
		{5FE41097-053E-4591-9C97-89B73E05B6D6}.Debug|Any CPU.Build.0 = Debug|Any CPU
		{5FE41097-053E-4591-9C97-89B73E05B6D6}.Release|Any CPU.ActiveCfg = Release|Any CPU
		{5FE41097-053E-4591-9C97-89B73E05B6D6}.Release|Any CPU.Build.0 = Release|Any CPU
		{E08DACA3-DB6F-4479-B2B2-C4EF34A8C43F}.Debug|Any CPU.ActiveCfg = Debug|Any CPU
		{E08DACA3-DB6F-4479-B2B2-C4EF34A8C43F}.Debug|Any CPU.Build.0 = Debug|Any CPU
		{E08DACA3-DB6F-4479-B2B2-C4EF34A8C43F}.Release|Any CPU.ActiveCfg = Release|Any CPU
		{E08DACA3-DB6F-4479-B2B2-C4EF34A8C43F}.Release|Any CPU.Build.0 = Release|Any CPU
		{A7806998-7D2F-4C92-9B24-CC17E861AD5D}.Debug|Any CPU.ActiveCfg = Debug|Any CPU
		{A7806998-7D2F-4C92-9B24-CC17E861AD5D}.Debug|Any CPU.Build.0 = Debug|Any CPU
		{A7806998-7D2F-4C92-9B24-CC17E861AD5D}.Release|Any CPU.ActiveCfg = Release|Any CPU
		{A7806998-7D2F-4C92-9B24-CC17E861AD5D}.Release|Any CPU.Build.0 = Release|Any CPU
		{3B8F7121-2829-4D78-83F0-B374FE2C9EC4}.Debug|Any CPU.ActiveCfg = Debug|Any CPU
		{3B8F7121-2829-4D78-83F0-B374FE2C9EC4}.Debug|Any CPU.Build.0 = Debug|Any CPU
		{3B8F7121-2829-4D78-83F0-B374FE2C9EC4}.Release|Any CPU.ActiveCfg = Release|Any CPU
		{3B8F7121-2829-4D78-83F0-B374FE2C9EC4}.Release|Any CPU.Build.0 = Release|Any CPU
		{13BE3927-FD27-4736-A851-92EB419AD765}.Debug|Any CPU.ActiveCfg = Debug|Any CPU
		{13BE3927-FD27-4736-A851-92EB419AD765}.Debug|Any CPU.Build.0 = Debug|Any CPU
		{13BE3927-FD27-4736-A851-92EB419AD765}.Release|Any CPU.ActiveCfg = Release|Any CPU
		{13BE3927-FD27-4736-A851-92EB419AD765}.Release|Any CPU.Build.0 = Release|Any CPU
		{A84D74FE-82F6-448B-8302-CC7F605AECE9}.Debug|Any CPU.ActiveCfg = Debug|Any CPU
		{A84D74FE-82F6-448B-8302-CC7F605AECE9}.Debug|Any CPU.Build.0 = Debug|Any CPU
		{A84D74FE-82F6-448B-8302-CC7F605AECE9}.Release|Any CPU.ActiveCfg = Release|Any CPU
		{A84D74FE-82F6-448B-8302-CC7F605AECE9}.Release|Any CPU.Build.0 = Release|Any CPU
		{7287C509-49E5-450B-9E17-CCFAE8179487}.Debug|Any CPU.ActiveCfg = Debug|Any CPU
		{7287C509-49E5-450B-9E17-CCFAE8179487}.Debug|Any CPU.Build.0 = Debug|Any CPU
		{7287C509-49E5-450B-9E17-CCFAE8179487}.Release|Any CPU.ActiveCfg = Release|Any CPU
		{7287C509-49E5-450B-9E17-CCFAE8179487}.Release|Any CPU.Build.0 = Release|Any CPU
		{60A96292-DD93-4AC5-BC2A-C347F0B447DC}.Debug|Any CPU.ActiveCfg = Debug|Any CPU
		{60A96292-DD93-4AC5-BC2A-C347F0B447DC}.Debug|Any CPU.Build.0 = Debug|Any CPU
		{60A96292-DD93-4AC5-BC2A-C347F0B447DC}.Release|Any CPU.ActiveCfg = Release|Any CPU
		{60A96292-DD93-4AC5-BC2A-C347F0B447DC}.Release|Any CPU.Build.0 = Release|Any CPU
		{FAD67CAF-10E0-4041-B59E-C001F979D1BC}.Debug|Any CPU.ActiveCfg = Debug|Any CPU
		{FAD67CAF-10E0-4041-B59E-C001F979D1BC}.Debug|Any CPU.Build.0 = Debug|Any CPU
		{FAD67CAF-10E0-4041-B59E-C001F979D1BC}.Release|Any CPU.ActiveCfg = Release|Any CPU
		{FAD67CAF-10E0-4041-B59E-C001F979D1BC}.Release|Any CPU.Build.0 = Release|Any CPU
		{6E06508D-37C3-44DC-9C25-1370C01579AF}.Debug|Any CPU.ActiveCfg = Debug|Any CPU
		{6E06508D-37C3-44DC-9C25-1370C01579AF}.Debug|Any CPU.Build.0 = Debug|Any CPU
		{6E06508D-37C3-44DC-9C25-1370C01579AF}.Release|Any CPU.ActiveCfg = Release|Any CPU
		{6E06508D-37C3-44DC-9C25-1370C01579AF}.Release|Any CPU.Build.0 = Release|Any CPU
		{6DCFEB6F-5E8D-4B28-973E-916BF8AE7E94}.Debug|Any CPU.ActiveCfg = Debug|Any CPU
		{6DCFEB6F-5E8D-4B28-973E-916BF8AE7E94}.Debug|Any CPU.Build.0 = Debug|Any CPU
		{6DCFEB6F-5E8D-4B28-973E-916BF8AE7E94}.Release|Any CPU.ActiveCfg = Release|Any CPU
		{6DCFEB6F-5E8D-4B28-973E-916BF8AE7E94}.Release|Any CPU.Build.0 = Release|Any CPU
		{DE82B149-339C-4F7B-A2B0-FDC521B2918B}.Debug|Any CPU.ActiveCfg = Debug|Any CPU
		{DE82B149-339C-4F7B-A2B0-FDC521B2918B}.Debug|Any CPU.Build.0 = Debug|Any CPU
		{DE82B149-339C-4F7B-A2B0-FDC521B2918B}.Release|Any CPU.ActiveCfg = Release|Any CPU
		{DE82B149-339C-4F7B-A2B0-FDC521B2918B}.Release|Any CPU.Build.0 = Release|Any CPU
		{30AD54F7-2B0F-42AE-A4A3-DA47AF2DA070}.Debug|Any CPU.ActiveCfg = Debug|Any CPU
		{30AD54F7-2B0F-42AE-A4A3-DA47AF2DA070}.Debug|Any CPU.Build.0 = Debug|Any CPU
		{30AD54F7-2B0F-42AE-A4A3-DA47AF2DA070}.Release|Any CPU.ActiveCfg = Release|Any CPU
		{30AD54F7-2B0F-42AE-A4A3-DA47AF2DA070}.Release|Any CPU.Build.0 = Release|Any CPU
		{88DACF14-F94A-47C3-A98B-1E0F43D9EA69}.Debug|Any CPU.ActiveCfg = Debug|Any CPU
		{88DACF14-F94A-47C3-A98B-1E0F43D9EA69}.Debug|Any CPU.Build.0 = Debug|Any CPU
		{88DACF14-F94A-47C3-A98B-1E0F43D9EA69}.Release|Any CPU.ActiveCfg = Release|Any CPU
		{88DACF14-F94A-47C3-A98B-1E0F43D9EA69}.Release|Any CPU.Build.0 = Release|Any CPU
		{4807CAE5-BA57-4749-901C-7ABAE1A6A796}.Debug|Any CPU.ActiveCfg = Debug|Any CPU
		{4807CAE5-BA57-4749-901C-7ABAE1A6A796}.Debug|Any CPU.Build.0 = Debug|Any CPU
		{4807CAE5-BA57-4749-901C-7ABAE1A6A796}.Release|Any CPU.ActiveCfg = Release|Any CPU
		{4807CAE5-BA57-4749-901C-7ABAE1A6A796}.Release|Any CPU.Build.0 = Release|Any CPU
		{10B63327-AF8F-409C-B886-68A626B4631C}.Debug|Any CPU.ActiveCfg = Debug|Any CPU
		{10B63327-AF8F-409C-B886-68A626B4631C}.Debug|Any CPU.Build.0 = Debug|Any CPU
		{10B63327-AF8F-409C-B886-68A626B4631C}.Release|Any CPU.ActiveCfg = Release|Any CPU
		{10B63327-AF8F-409C-B886-68A626B4631C}.Release|Any CPU.Build.0 = Release|Any CPU
	EndGlobalSection
	GlobalSection(NestedProjects) = preSolution
		{4D9ECC37-5E8E-4F98-92CD-C37877A45089} = {6A73433B-2B5E-41C5-953B-5F30AE8F3E17}
		{E08DACA3-DB6F-4479-B2B2-C4EF34A8C43F} = {4D9ECC37-5E8E-4F98-92CD-C37877A45089}
		{7E845201-8BC6-474E-BC4B-119E846EE003} = {4D9ECC37-5E8E-4F98-92CD-C37877A45089}
		{426313DE-F97D-4EAE-A8DA-B7FE6A231010} = {4D9ECC37-5E8E-4F98-92CD-C37877A45089}
		{A7806998-7D2F-4C92-9B24-CC17E861AD5D} = {426313DE-F97D-4EAE-A8DA-B7FE6A231010}
		{5FE41097-053E-4591-9C97-89B73E05B6D6} = {7E845201-8BC6-474E-BC4B-119E846EE003}
		{141DD967-E2D7-4FE9-95B9-6169B2D7BEF7} = {4D9ECC37-5E8E-4F98-92CD-C37877A45089}
		{3B8F7121-2829-4D78-83F0-B374FE2C9EC4} = {141DD967-E2D7-4FE9-95B9-6169B2D7BEF7}
		{1DEAA2D1-5190-4577-8498-751665F89E56} = {33926EF5-4B70-40B4-9CB9-14A806DE78FE}
		{8E56D3D7-8115-4BF3-A7A9-4C413AD3A670} = {33926EF5-4B70-40B4-9CB9-14A806DE78FE}
		{4AB332F8-ACA0-4F03-BFFB-9CD3A795C13E} = {33926EF5-4B70-40B4-9CB9-14A806DE78FE}
		{7469CE18-9CEB-42FC-B6A6-9A1190FACDD1} = {1DEAA2D1-5190-4577-8498-751665F89E56}
		{9CAAD0A7-AAA5-4A88-8FCC-09170D491C1E} = {1DEAA2D1-5190-4577-8498-751665F89E56}
		{40C36FF0-FDDA-4E70-A3A4-1086F080D658} = {1DEAA2D1-5190-4577-8498-751665F89E56}
		{39AAC64D-ECAF-40F5-947F-038A66770BD8} = {1DEAA2D1-5190-4577-8498-751665F89E56}
		{13BE3927-FD27-4736-A851-92EB419AD765} = {8E56D3D7-8115-4BF3-A7A9-4C413AD3A670}
		{A84D74FE-82F6-448B-8302-CC7F605AECE9} = {8E56D3D7-8115-4BF3-A7A9-4C413AD3A670}
		{7287C509-49E5-450B-9E17-CCFAE8179487} = {9CAAD0A7-AAA5-4A88-8FCC-09170D491C1E}
		{60A96292-DD93-4AC5-BC2A-C347F0B447DC} = {9CAAD0A7-AAA5-4A88-8FCC-09170D491C1E}
		{FAD67CAF-10E0-4041-B59E-C001F979D1BC} = {9CAAD0A7-AAA5-4A88-8FCC-09170D491C1E}
		{6E06508D-37C3-44DC-9C25-1370C01579AF} = {9CAAD0A7-AAA5-4A88-8FCC-09170D491C1E}
		{6DCFEB6F-5E8D-4B28-973E-916BF8AE7E94} = {39AAC64D-ECAF-40F5-947F-038A66770BD8}
		{DE82B149-339C-4F7B-A2B0-FDC521B2918B} = {4AB332F8-ACA0-4F03-BFFB-9CD3A795C13E}
		{30AD54F7-2B0F-42AE-A4A3-DA47AF2DA070} = {8E56D3D7-8115-4BF3-A7A9-4C413AD3A670}
		{88DACF14-F94A-47C3-A98B-1E0F43D9EA69} = {8E56D3D7-8115-4BF3-A7A9-4C413AD3A670}
		{10B63327-AF8F-409C-B886-68A626B4631C} = {7E845201-8BC6-474E-BC4B-119E846EE003}
	EndGlobalSection
EndGlobal
