
Microsoft Visual Studio Solution File, Format Version 12.00
Project("{FAE04EC0-301F-11D3-BF4B-00C04F79EFBC}") = "QuizBuilder.Application", "src\QuizBuilder.Application\QuizBuilder.Application.csproj", "{4FB9DE32-E3A4-4BC5-9EEF-ED4BC3D8F05D}"
EndProject
Project("{2150E333-8FDC-42A3-9474-1A3956D46DE8}") = "src", "src", "{33926EF5-4B70-40B4-9CB9-14A806DE78FE}"
EndProject
Project("{2150E333-8FDC-42A3-9474-1A3956D46DE8}") = "tests", "tests", "{6A73433B-2B5E-41C5-953B-5F30AE8F3E17}"
EndProject
Project("{FAE04EC0-301F-11D3-BF4B-00C04F79EFBC}") = "QuizBuilder.Domain", "src\QuizBuilder.Domain\QuizBuilder.Domain.csproj", "{041FEE45-9C06-4B95-B6ED-A0F2650F63CE}"
EndProject
Project("{FAE04EC0-301F-11D3-BF4B-00C04F79EFBC}") = "QuizBuilder.Infrastructure", "src\QuizBuilder.Infrastructure\QuizBuilder.Infrastructure.csproj", "{DF94C49E-5231-45D2-AC8B-16EA2D788AA0}"
EndProject
Project("{2150E333-8FDC-42A3-9474-1A3956D46DE8}") = "QuizBuilder", "QuizBuilder", "{9CAAD0A7-AAA5-4A88-8FCC-09170D491C1E}"
EndProject
Project("{FAE04EC0-301F-11D3-BF4B-00C04F79EFBC}") = "QuizBuilder.Presentation", "src\QuizBuilder.Presentation\QuizBuilder.Presentation.csproj", "{FB26A5A7-BAE6-4D60-805B-34E58EA3CDEC}"
EndProject
Project("{2150E333-8FDC-42A3-9474-1A3956D46DE8}") = "QuizRunner", "QuizRunner", "{40C36FF0-FDDA-4E70-A3A4-1086F080D658}"
EndProject
Project("{2150E333-8FDC-42A3-9474-1A3956D46DE8}") = "QuizAdmin", "QuizAdmin", "{7469CE18-9CEB-42FC-B6A6-9A1190FACDD1}"
EndProject
Project("{FAE04EC0-301F-11D3-BF4B-00C04F79EFBC}") = "QuizMaker.SharedKernel", "src\QuizMaker.SharedKernel\QuizMaker.SharedKernel.csproj", "{2C842F6C-AFD4-43B2-819F-16861B006FF5}"
EndProject
Project("{FAE04EC0-301F-11D3-BF4B-00C04F79EFBC}") = "QuizUser", "src\QuizUser\QuizUser.csproj", "{56AAC3FF-3168-4385-AA09-6BC7374FA44C}"
EndProject
Project("{2150E333-8FDC-42A3-9474-1A3956D46DE8}") = "QuizBuilder", "QuizBuilder", "{4D9ECC37-5E8E-4F98-92CD-C37877A45089}"
EndProject
Project("{FAE04EC0-301F-11D3-BF4B-00C04F79EFBC}") = "QuizBuilder.Application.UnitTests", "tests\QuizBuilder\Application\QuizBuilder.Application.UnitTests\QuizBuilder.Application.UnitTests.csproj", "{5FE41097-053E-4591-9C97-89B73E05B6D6}"
EndProject
Project("{2150E333-8FDC-42A3-9474-1A3956D46DE8}") = "QuizUser", "QuizUser", "{39AAC64D-ECAF-40F5-947F-038A66770BD8}"
EndProject
Project("{FAE04EC0-301F-11D3-BF4B-00C04F79EFBC}") = "QuizBuilder.ArchTests", "tests\QuizBuilder\QuizBuilder.ArchTests\QuizBuilder.ArchTests.csproj", "{E08DACA3-DB6F-4479-B2B2-C4EF34A8C43F}"
EndProject
Project("{2150E333-8FDC-42A3-9474-1A3956D46DE8}") = "Application", "Application", "{7E845201-8BC6-474E-BC4B-119E846EE003}"
EndProject
Project("{2150E333-8FDC-42A3-9474-1A3956D46DE8}") = "Domain", "Domain", "{426313DE-F97D-4EAE-A8DA-B7FE6A231010}"
EndProject
Project("{FAE04EC0-301F-11D3-BF4B-00C04F79EFBC}") = "QuizBuilder.Domian.UnitTests", "tests\QuizBuilder\Domain\QuizBuilder.Domian.UnitTests\QuizBuilder.Domian.UnitTests.csproj", "{A7806998-7D2F-4C92-9B24-CC17E861AD5D}"
EndProject
Global
	GlobalSection(SolutionConfigurationPlatforms) = preSolution
		Debug|Any CPU = Debug|Any CPU
		Release|Any CPU = Release|Any CPU
	EndGlobalSection
	GlobalSection(ProjectConfigurationPlatforms) = postSolution
		{4FB9DE32-E3A4-4BC5-9EEF-ED4BC3D8F05D}.Debug|Any CPU.ActiveCfg = Debug|Any CPU
		{4FB9DE32-E3A4-4BC5-9EEF-ED4BC3D8F05D}.Debug|Any CPU.Build.0 = Debug|Any CPU
		{4FB9DE32-E3A4-4BC5-9EEF-ED4BC3D8F05D}.Release|Any CPU.ActiveCfg = Release|Any CPU
		{4FB9DE32-E3A4-4BC5-9EEF-ED4BC3D8F05D}.Release|Any CPU.Build.0 = Release|Any CPU
		{041FEE45-9C06-4B95-B6ED-A0F2650F63CE}.Debug|Any CPU.ActiveCfg = Debug|Any CPU
		{041FEE45-9C06-4B95-B6ED-A0F2650F63CE}.Debug|Any CPU.Build.0 = Debug|Any CPU
		{041FEE45-9C06-4B95-B6ED-A0F2650F63CE}.Release|Any CPU.ActiveCfg = Release|Any CPU
		{041FEE45-9C06-4B95-B6ED-A0F2650F63CE}.Release|Any CPU.Build.0 = Release|Any CPU
		{DF94C49E-5231-45D2-AC8B-16EA2D788AA0}.Debug|Any CPU.ActiveCfg = Debug|Any CPU
		{DF94C49E-5231-45D2-AC8B-16EA2D788AA0}.Debug|Any CPU.Build.0 = Debug|Any CPU
		{DF94C49E-5231-45D2-AC8B-16EA2D788AA0}.Release|Any CPU.ActiveCfg = Release|Any CPU
		{DF94C49E-5231-45D2-AC8B-16EA2D788AA0}.Release|Any CPU.Build.0 = Release|Any CPU
		{FB26A5A7-BAE6-4D60-805B-34E58EA3CDEC}.Debug|Any CPU.ActiveCfg = Debug|Any CPU
		{FB26A5A7-BAE6-4D60-805B-34E58EA3CDEC}.Debug|Any CPU.Build.0 = Debug|Any CPU
		{FB26A5A7-BAE6-4D60-805B-34E58EA3CDEC}.Release|Any CPU.ActiveCfg = Release|Any CPU
		{FB26A5A7-BAE6-4D60-805B-34E58EA3CDEC}.Release|Any CPU.Build.0 = Release|Any CPU
		{2C842F6C-AFD4-43B2-819F-16861B006FF5}.Debug|Any CPU.ActiveCfg = Debug|Any CPU
		{2C842F6C-AFD4-43B2-819F-16861B006FF5}.Debug|Any CPU.Build.0 = Debug|Any CPU
		{2C842F6C-AFD4-43B2-819F-16861B006FF5}.Release|Any CPU.ActiveCfg = Release|Any CPU
		{2C842F6C-AFD4-43B2-819F-16861B006FF5}.Release|Any CPU.Build.0 = Release|Any CPU
		{56AAC3FF-3168-4385-AA09-6BC7374FA44C}.Debug|Any CPU.ActiveCfg = Debug|Any CPU
		{56AAC3FF-3168-4385-AA09-6BC7374FA44C}.Debug|Any CPU.Build.0 = Debug|Any CPU
		{56AAC3FF-3168-4385-AA09-6BC7374FA44C}.Release|Any CPU.ActiveCfg = Release|Any CPU
		{56AAC3FF-3168-4385-AA09-6BC7374FA44C}.Release|Any CPU.Build.0 = Release|Any CPU
		{5FE41097-053E-4591-9C97-89B73E05B6D6}.Debug|Any CPU.ActiveCfg = Debug|Any CPU
		{5FE41097-053E-4591-9C97-89B73E05B6D6}.Debug|Any CPU.Build.0 = Debug|Any CPU
		{5FE41097-053E-4591-9C97-89B73E05B6D6}.Release|Any CPU.ActiveCfg = Release|Any CPU
		{5FE41097-053E-4591-9C97-89B73E05B6D6}.Release|Any CPU.Build.0 = Release|Any CPU
		{E08DACA3-DB6F-4479-B2B2-C4EF34A8C43F}.Debug|Any CPU.ActiveCfg = Debug|Any CPU
		{E08DACA3-DB6F-4479-B2B2-C4EF34A8C43F}.Debug|Any CPU.Build.0 = Debug|Any CPU
		{E08DACA3-DB6F-4479-B2B2-C4EF34A8C43F}.Release|Any CPU.ActiveCfg = Release|Any CPU
		{E08DACA3-DB6F-4479-B2B2-C4EF34A8C43F}.Release|Any CPU.Build.0 = Release|Any CPU
		{A7806998-7D2F-4C92-9B24-CC17E861AD5D}.Debug|Any CPU.ActiveCfg = Debug|Any CPU
		{A7806998-7D2F-4C92-9B24-CC17E861AD5D}.Debug|Any CPU.Build.0 = Debug|Any CPU
		{A7806998-7D2F-4C92-9B24-CC17E861AD5D}.Release|Any CPU.ActiveCfg = Release|Any CPU
		{A7806998-7D2F-4C92-9B24-CC17E861AD5D}.Release|Any CPU.Build.0 = Release|Any CPU
	EndGlobalSection
	GlobalSection(NestedProjects) = preSolution
		{9CAAD0A7-AAA5-4A88-8FCC-09170D491C1E} = {33926EF5-4B70-40B4-9CB9-14A806DE78FE}
		{041FEE45-9C06-4B95-B6ED-A0F2650F63CE} = {9CAAD0A7-AAA5-4A88-8FCC-09170D491C1E}
		{DF94C49E-5231-45D2-AC8B-16EA2D788AA0} = {9CAAD0A7-AAA5-4A88-8FCC-09170D491C1E}
		{4FB9DE32-E3A4-4BC5-9EEF-ED4BC3D8F05D} = {9CAAD0A7-AAA5-4A88-8FCC-09170D491C1E}
		{FB26A5A7-BAE6-4D60-805B-34E58EA3CDEC} = {9CAAD0A7-AAA5-4A88-8FCC-09170D491C1E}
		{40C36FF0-FDDA-4E70-A3A4-1086F080D658} = {33926EF5-4B70-40B4-9CB9-14A806DE78FE}
		{7469CE18-9CEB-42FC-B6A6-9A1190FACDD1} = {33926EF5-4B70-40B4-9CB9-14A806DE78FE}
		{2C842F6C-AFD4-43B2-819F-16861B006FF5} = {33926EF5-4B70-40B4-9CB9-14A806DE78FE}
		{4D9ECC37-5E8E-4F98-92CD-C37877A45089} = {6A73433B-2B5E-41C5-953B-5F30AE8F3E17}
		{39AAC64D-ECAF-40F5-947F-038A66770BD8} = {33926EF5-4B70-40B4-9CB9-14A806DE78FE}
		{56AAC3FF-3168-4385-AA09-6BC7374FA44C} = {39AAC64D-ECAF-40F5-947F-038A66770BD8}
		{E08DACA3-DB6F-4479-B2B2-C4EF34A8C43F} = {4D9ECC37-5E8E-4F98-92CD-C37877A45089}
		{7E845201-8BC6-474E-BC4B-119E846EE003} = {4D9ECC37-5E8E-4F98-92CD-C37877A45089}
		{426313DE-F97D-4EAE-A8DA-B7FE6A231010} = {4D9ECC37-5E8E-4F98-92CD-C37877A45089}
		{A7806998-7D2F-4C92-9B24-CC17E861AD5D} = {426313DE-F97D-4EAE-A8DA-B7FE6A231010}
		{5FE41097-053E-4591-9C97-89B73E05B6D6} = {7E845201-8BC6-474E-BC4B-119E846EE003}
	EndGlobalSection
EndGlobal
